// !$*UTF8*$!
{
	archiveVersion = 1;
	classes = {
	};
	objectVersion = 77;
	objects = {

/* Begin PBXBuildFile section */
		1B5EF0980DE84575A3EB37F1 /* SyncCoordinator.swift in Sources */ = {isa = PBXBuildFile; fileRef = F2A414C3C7EB85A76C921DF3 /* SyncCoordinator.swift */; };
		35B05DB4DD32B4BDB27A99CE /* PhoropterViewModel.swift in Sources */ = {isa = PBXBuildFile; fileRef = 8767EEFD5035434FD48BCF59 /* PhoropterViewModel.swift */; };
		47CD50EC4A22C0BF4EEEA0FA /* SessionRecordConverter.swift in Sources */ = {isa = PBXBuildFile; fileRef = 41B8F9961C5EF7F6D0043DE3 /* SessionRecordConverter.swift */; };
		49142B53FFD1CF773753F1A0 /* WarmupMessages.swift in Sources */ = {isa = PBXBuildFile; fileRef = D7A132141D99A727B748E768 /* WarmupMessages.swift */; };
		495A2EF2DEE25981084D1FBC /* LightwardApp.swift in Sources */ = {isa = PBXBuildFile; fileRef = 5859B9B47E69E55F27E70894 /* LightwardApp.swift */; };
		54A4D7CB487C97E5BF4D4BE6 /* PhoropterContext.txt in Resources */ = {isa = PBXBuildFile; fileRef = 8A7CC1354CE106FD82E15968 /* PhoropterContext.txt */; };
		60379A915DB05685903CC59D /* LightwardAPI.swift in Sources */ = {isa = PBXBuildFile; fileRef = C3E151CB031FBE9C66740FFB /* LightwardAPI.swift */; };
		7251F124FEACE9C70BCBCDFF /* Store.swift in Sources */ = {isa = PBXBuildFile; fileRef = 3395F1CE32AFD7216F0D6254 /* Store.swift */; };
		79A8F2DC09C9FFACF0539195 /* Assets.xcassets in Resources */ = {isa = PBXBuildFile; fileRef = 7BD9CF5C099920F1576987CF /* Assets.xcassets */; };
		A016300F3BADC6B245404148 /* PhoropterView.swift in Sources */ = {isa = PBXBuildFile; fileRef = 741D20ECF440169D24BB7B42 /* PhoropterView.swift */; };
		A30947B4D7A061DB4C90F24F /* RootView.swift in Sources */ = {isa = PBXBuildFile; fileRef = 61CF709D6B94F941E2529D84 /* RootView.swift */; };
		BA95BB76A2D5D25694C84ADD /* AuraArrow.swift in Sources */ = {isa = PBXBuildFile; fileRef = 6FD39565947A3FD1E3951984 /* AuraArrow.swift */; };
		BB04643D71C8E9A5FF04605B /* Arrow.swift in Sources */ = {isa = PBXBuildFile; fileRef = C428CC7B8AD80BB3F87406A0 /* Arrow.swift */; };
		BB82AEA850A82F695559AF3C /* Secrets.swift in Sources */ = {isa = PBXBuildFile; fileRef = 57EAD7376041603014B9B969 /* Secrets.swift */; };
		C0544685049FA94C5B878D15 /* PhoropterTests.swift in Sources */ = {isa = PBXBuildFile; fileRef = 62FA0BC5F7E742BA1DED525D /* PhoropterTests.swift */; };
		D72D86358D7F177FA3F11ECC /* ChatView.swift in Sources */ = {isa = PBXBuildFile; fileRef = BCC6B34171A61336C6EA1FAC /* ChatView.swift */; };
		DA58E8D348E1DA8DD9939BE7 /* Log.swift in Sources */ = {isa = PBXBuildFile; fileRef = D409B6F3E1E128C9B48DDF0D /* Log.swift */; };
		E534B9853A485310DDEE209A /* ErrorReporter.swift in Sources */ = {isa = PBXBuildFile; fileRef = D8DDBCE51B203ED468D4FBC4 /* ErrorReporter.swift */; };
		E6FB0D31BE59AF82A4BD4715 /* Session.swift in Sources */ = {isa = PBXBuildFile; fileRef = 8A9740F34A497AA30E6D4A7F /* Session.swift */; };
		EA756F58258183542CDBF168 /* ChatViewModel.swift in Sources */ = {isa = PBXBuildFile; fileRef = 036FA252BC6E70CA922D890C /* ChatViewModel.swift */; };
		F8EEB1E8387E5603AC78D7A8 /* Theme.swift in Sources */ = {isa = PBXBuildFile; fileRef = 8B41E0978F976C7107938EA2 /* Theme.swift */; };
/* End PBXBuildFile section */

/* Begin PBXContainerItemProxy section */
		0671F29EE3D65E2699D2D4F7 /* PBXContainerItemProxy */ = {
			isa = PBXContainerItemProxy;
			containerPortal = 796FE89EB57283DEDF8B41BE /* Project object */;
			proxyType = 1;
			remoteGlobalIDString = 4C2F90944CE99D0D42A2B8D9;
			remoteInfo = Lightward;
		};
/* End PBXContainerItemProxy section */

/* Begin PBXFileReference section */
		036FA252BC6E70CA922D890C /* ChatViewModel.swift */ = {isa = PBXFileReference; lastKnownFileType = sourcecode.swift; path = ChatViewModel.swift; sourceTree = "<group>"; };
		05F698DF085F24599D35CB9C /* Lightward.entitlements */ = {isa = PBXFileReference; lastKnownFileType = text.plist.entitlements; path = Lightward.entitlements; sourceTree = "<group>"; };
		3395F1CE32AFD7216F0D6254 /* Store.swift */ = {isa = PBXFileReference; lastKnownFileType = sourcecode.swift; path = Store.swift; sourceTree = "<group>"; };
		41B8F9961C5EF7F6D0043DE3 /* SessionRecordConverter.swift */ = {isa = PBXFileReference; lastKnownFileType = sourcecode.swift; path = SessionRecordConverter.swift; sourceTree = "<group>"; };
		50C9F9137508AB815EFC845B /* LightwardTests.xctest */ = {isa = PBXFileReference; includeInIndex = 0; lastKnownFileType = wrapper.cfbundle; path = LightwardTests.xctest; sourceTree = BUILT_PRODUCTS_DIR; };
		57EAD7376041603014B9B969 /* Secrets.swift */ = {isa = PBXFileReference; lastKnownFileType = sourcecode.swift; path = Secrets.swift; sourceTree = "<group>"; };
		5859B9B47E69E55F27E70894 /* LightwardApp.swift */ = {isa = PBXFileReference; lastKnownFileType = sourcecode.swift; path = LightwardApp.swift; sourceTree = "<group>"; };
		61CF709D6B94F941E2529D84 /* RootView.swift */ = {isa = PBXFileReference; lastKnownFileType = sourcecode.swift; path = RootView.swift; sourceTree = "<group>"; };
		62FA0BC5F7E742BA1DED525D /* PhoropterTests.swift */ = {isa = PBXFileReference; lastKnownFileType = sourcecode.swift; path = PhoropterTests.swift; sourceTree = "<group>"; };
		6FD39565947A3FD1E3951984 /* AuraArrow.swift */ = {isa = PBXFileReference; lastKnownFileType = sourcecode.swift; path = AuraArrow.swift; sourceTree = "<group>"; };
		741D20ECF440169D24BB7B42 /* PhoropterView.swift */ = {isa = PBXFileReference; lastKnownFileType = sourcecode.swift; path = PhoropterView.swift; sourceTree = "<group>"; };
		7BD9CF5C099920F1576987CF /* Assets.xcassets */ = {isa = PBXFileReference; lastKnownFileType = folder.assetcatalog; path = Assets.xcassets; sourceTree = "<group>"; };
		8767EEFD5035434FD48BCF59 /* PhoropterViewModel.swift */ = {isa = PBXFileReference; lastKnownFileType = sourcecode.swift; path = PhoropterViewModel.swift; sourceTree = "<group>"; };
		8A7CC1354CE106FD82E15968 /* PhoropterContext.txt */ = {isa = PBXFileReference; lastKnownFileType = text; path = PhoropterContext.txt; sourceTree = "<group>"; };
		8A9740F34A497AA30E6D4A7F /* Session.swift */ = {isa = PBXFileReference; lastKnownFileType = sourcecode.swift; path = Session.swift; sourceTree = "<group>"; };
		8B41E0978F976C7107938EA2 /* Theme.swift */ = {isa = PBXFileReference; lastKnownFileType = sourcecode.swift; path = Theme.swift; sourceTree = "<group>"; };
		BCC6B34171A61336C6EA1FAC /* ChatView.swift */ = {isa = PBXFileReference; lastKnownFileType = sourcecode.swift; path = ChatView.swift; sourceTree = "<group>"; };
		C3E151CB031FBE9C66740FFB /* LightwardAPI.swift */ = {isa = PBXFileReference; lastKnownFileType = sourcecode.swift; path = LightwardAPI.swift; sourceTree = "<group>"; };
		C428CC7B8AD80BB3F87406A0 /* Arrow.swift */ = {isa = PBXFileReference; lastKnownFileType = sourcecode.swift; path = Arrow.swift; sourceTree = "<group>"; };
		D409B6F3E1E128C9B48DDF0D /* Log.swift */ = {isa = PBXFileReference; lastKnownFileType = sourcecode.swift; path = Log.swift; sourceTree = "<group>"; };
		D7A132141D99A727B748E768 /* WarmupMessages.swift */ = {isa = PBXFileReference; lastKnownFileType = sourcecode.swift; path = WarmupMessages.swift; sourceTree = "<group>"; };
		D8DDBCE51B203ED468D4FBC4 /* ErrorReporter.swift */ = {isa = PBXFileReference; lastKnownFileType = sourcecode.swift; path = ErrorReporter.swift; sourceTree = "<group>"; };
		DBB7BFECD521F99D0321ED65 /* Info.plist */ = {isa = PBXFileReference; lastKnownFileType = text.plist; path = Info.plist; sourceTree = "<group>"; };
		ED3A43BBDCA0DC7F7103B90E /* Lightward.app */ = {isa = PBXFileReference; includeInIndex = 0; lastKnownFileType = wrapper.application; path = Lightward.app; sourceTree = BUILT_PRODUCTS_DIR; };
		F2A414C3C7EB85A76C921DF3 /* SyncCoordinator.swift */ = {isa = PBXFileReference; lastKnownFileType = sourcecode.swift; path = SyncCoordinator.swift; sourceTree = "<group>"; };
/* End PBXFileReference section */

/* Begin PBXGroup section */
		1EF1E6C570C5D2E663392652 /* Products */ = {
			isa = PBXGroup;
			children = (
				ED3A43BBDCA0DC7F7103B90E /* Lightward.app */,
				50C9F9137508AB815EFC845B /* LightwardTests.xctest */,
			);
			name = Products;
			sourceTree = "<group>";
		};
		20CB228B57D1782BA3E45EA2 /* Lightward */ = {
			isa = PBXGroup;
			children = (
				C428CC7B8AD80BB3F87406A0 /* Arrow.swift */,
				7BD9CF5C099920F1576987CF /* Assets.xcassets */,
				6FD39565947A3FD1E3951984 /* AuraArrow.swift */,
				D8DDBCE51B203ED468D4FBC4 /* ErrorReporter.swift */,
				DBB7BFECD521F99D0321ED65 /* Info.plist */,
				05F698DF085F24599D35CB9C /* Lightward.entitlements */,
				5859B9B47E69E55F27E70894 /* LightwardApp.swift */,
				D409B6F3E1E128C9B48DDF0D /* Log.swift */,
				61CF709D6B94F941E2529D84 /* RootView.swift */,
				57EAD7376041603014B9B969 /* Secrets.swift */,
				8B41E0978F976C7107938EA2 /* Theme.swift */,
				D4A4116226A19CBF4E07167B /* API */,
				260568249441F1230DAB91F9 /* Chat */,
				7648FC382EB6EC524426FF4C /* CloudKit */,
				E87DA1EDB1D5ABE0B217E4DC /* Model */,
				F620436512F79E8E5E729C26 /* Phoropter */,
				83A337FD65C10F3F42E57ABB /* Resources */,
			);
			path = Lightward;
			sourceTree = "<group>";
		};
		260568249441F1230DAB91F9 /* Chat */ = {
			isa = PBXGroup;
			children = (
				BCC6B34171A61336C6EA1FAC /* ChatView.swift */,
				036FA252BC6E70CA922D890C /* ChatViewModel.swift */,
			);
			path = Chat;
			sourceTree = "<group>";
		};
		763979F74088406F4AD1F26C = {
			isa = PBXGroup;
			children = (
				20CB228B57D1782BA3E45EA2 /* Lightward */,
				B25A6AD0EB8AFD1E6AF4722C /* LightwardTests */,
				1EF1E6C570C5D2E663392652 /* Products */,
			);
			sourceTree = "<group>";
		};
		7648FC382EB6EC524426FF4C /* CloudKit */ = {
			isa = PBXGroup;
			children = (
				41B8F9961C5EF7F6D0043DE3 /* SessionRecordConverter.swift */,
				F2A414C3C7EB85A76C921DF3 /* SyncCoordinator.swift */,
			);
			path = CloudKit;
			sourceTree = "<group>";
		};
		83A337FD65C10F3F42E57ABB /* Resources */ = {
			isa = PBXGroup;
			children = (
				8A7CC1354CE106FD82E15968 /* PhoropterContext.txt */,
			);
			path = Resources;
			sourceTree = "<group>";
		};
		B25A6AD0EB8AFD1E6AF4722C /* LightwardTests */ = {
			isa = PBXGroup;
			children = (
				62FA0BC5F7E742BA1DED525D /* PhoropterTests.swift */,
			);
			path = LightwardTests;
			sourceTree = "<group>";
		};
		D4A4116226A19CBF4E07167B /* API */ = {
			isa = PBXGroup;
			children = (
				C3E151CB031FBE9C66740FFB /* LightwardAPI.swift */,
				D7A132141D99A727B748E768 /* WarmupMessages.swift */,
			);
			path = API;
			sourceTree = "<group>";
		};
		E87DA1EDB1D5ABE0B217E4DC /* Model */ = {
			isa = PBXGroup;
			children = (
				8A9740F34A497AA30E6D4A7F /* Session.swift */,
				3395F1CE32AFD7216F0D6254 /* Store.swift */,
			);
			path = Model;
			sourceTree = "<group>";
		};
		F620436512F79E8E5E729C26 /* Phoropter */ = {
			isa = PBXGroup;
			children = (
				741D20ECF440169D24BB7B42 /* PhoropterView.swift */,
				8767EEFD5035434FD48BCF59 /* PhoropterViewModel.swift */,
			);
			path = Phoropter;
			sourceTree = "<group>";
		};
/* End PBXGroup section */

/* Begin PBXNativeTarget section */
		4C2F90944CE99D0D42A2B8D9 /* Lightward */ = {
			isa = PBXNativeTarget;
			buildConfigurationList = C3149F0E55B43496BD49E5F8 /* Build configuration list for PBXNativeTarget "Lightward" */;
			buildPhases = (
				3B6E71D07F0A4F82F75704BC /* Sources */,
				2C933ABA958959916E4EE339 /* Resources */,
			);
			buildRules = (
			);
			dependencies = (
			);
			name = Lightward;
			packageProductDependencies = (
			);
			productName = Lightward;
			productReference = ED3A43BBDCA0DC7F7103B90E /* Lightward.app */;
			productType = "com.apple.product-type.application";
		};
		A2064CD6A82DDAE4CDC5E689 /* LightwardTests */ = {
			isa = PBXNativeTarget;
			buildConfigurationList = A1F34B81D382362DA752EF43 /* Build configuration list for PBXNativeTarget "LightwardTests" */;
			buildPhases = (
				52C466A9C337C4EBE916A0CC /* Sources */,
			);
			buildRules = (
			);
			dependencies = (
				B76BE39932BB1F621D170596 /* PBXTargetDependency */,
			);
			name = LightwardTests;
			packageProductDependencies = (
			);
			productName = LightwardTests;
			productReference = 50C9F9137508AB815EFC845B /* LightwardTests.xctest */;
			productType = "com.apple.product-type.bundle.unit-test";
		};
/* End PBXNativeTarget section */

/* Begin PBXProject section */
		796FE89EB57283DEDF8B41BE /* Project object */ = {
			isa = PBXProject;
			attributes = {
				BuildIndependentTargetsInParallel = YES;
				LastUpgradeCheck = 1600;
				TargetAttributes = {
					4C2F90944CE99D0D42A2B8D9 = {
						DevelopmentTeam = 49Q5LC84AR;
					};
					A2064CD6A82DDAE4CDC5E689 = {
						DevelopmentTeam = 49Q5LC84AR;
					};
				};
			};
			buildConfigurationList = E013C90595D09DC3E5660C30 /* Build configuration list for PBXProject "Lightward" */;
			developmentRegion = en;
			hasScannedForEncodings = 0;
			knownRegions = (
				Base,
				en,
			);
			mainGroup = 763979F74088406F4AD1F26C;
			minimizedProjectReferenceProxies = 1;
			preferredProjectObjectVersion = 77;
			productRefGroup = 1EF1E6C570C5D2E663392652 /* Products */;
			projectDirPath = "";
			projectRoot = "";
			targets = (
				4C2F90944CE99D0D42A2B8D9 /* Lightward */,
				A2064CD6A82DDAE4CDC5E689 /* LightwardTests */,
			);
		};
/* End PBXProject section */

/* Begin PBXResourcesBuildPhase section */
		2C933ABA958959916E4EE339 /* Resources */ = {
			isa = PBXResourcesBuildPhase;
			buildActionMask = 2147483647;
			files = (
				79A8F2DC09C9FFACF0539195 /* Assets.xcassets in Resources */,
				54A4D7CB487C97E5BF4D4BE6 /* PhoropterContext.txt in Resources */,
			);
			runOnlyForDeploymentPostprocessing = 0;
		};
/* End PBXResourcesBuildPhase section */

/* Begin PBXSourcesBuildPhase section */
		3B6E71D07F0A4F82F75704BC /* Sources */ = {
			isa = PBXSourcesBuildPhase;
			buildActionMask = 2147483647;
			files = (
				BB04643D71C8E9A5FF04605B /* Arrow.swift in Sources */,
				BA95BB76A2D5D25694C84ADD /* AuraArrow.swift in Sources */,
				D72D86358D7F177FA3F11ECC /* ChatView.swift in Sources */,
				EA756F58258183542CDBF168 /* ChatViewModel.swift in Sources */,
				E534B9853A485310DDEE209A /* ErrorReporter.swift in Sources */,
				60379A915DB05685903CC59D /* LightwardAPI.swift in Sources */,
				495A2EF2DEE25981084D1FBC /* LightwardApp.swift in Sources */,
				DA58E8D348E1DA8DD9939BE7 /* Log.swift in Sources */,
				A016300F3BADC6B245404148 /* PhoropterView.swift in Sources */,
				35B05DB4DD32B4BDB27A99CE /* PhoropterViewModel.swift in Sources */,
				A30947B4D7A061DB4C90F24F /* RootView.swift in Sources */,
				BB82AEA850A82F695559AF3C /* Secrets.swift in Sources */,
				E6FB0D31BE59AF82A4BD4715 /* Session.swift in Sources */,
				47CD50EC4A22C0BF4EEEA0FA /* SessionRecordConverter.swift in Sources */,
				7251F124FEACE9C70BCBCDFF /* Store.swift in Sources */,
				1B5EF0980DE84575A3EB37F1 /* SyncCoordinator.swift in Sources */,
				F8EEB1E8387E5603AC78D7A8 /* Theme.swift in Sources */,
				49142B53FFD1CF773753F1A0 /* WarmupMessages.swift in Sources */,
			);
			runOnlyForDeploymentPostprocessing = 0;
		};
		52C466A9C337C4EBE916A0CC /* Sources */ = {
			isa = PBXSourcesBuildPhase;
			buildActionMask = 2147483647;
			files = (
				C0544685049FA94C5B878D15 /* PhoropterTests.swift in Sources */,
			);
			runOnlyForDeploymentPostprocessing = 0;
		};
/* End PBXSourcesBuildPhase section */

/* Begin PBXTargetDependency section */
		B76BE39932BB1F621D170596 /* PBXTargetDependency */ = {
			isa = PBXTargetDependency;
			target = 4C2F90944CE99D0D42A2B8D9 /* Lightward */;
			targetProxy = 0671F29EE3D65E2699D2D4F7 /* PBXContainerItemProxy */;
		};
/* End PBXTargetDependency section */

/* Begin XCBuildConfiguration section */
		176EA137C8933E09DEDD04C5 /* Debug */ = {
			isa = XCBuildConfiguration;
			buildSettings = {
				ALWAYS_SEARCH_USER_PATHS = NO;
				CLANG_ANALYZER_NONNULL = YES;
				CLANG_ANALYZER_NUMBER_OBJECT_CONVERSION = YES_AGGRESSIVE;
				CLANG_CXX_LANGUAGE_STANDARD = "gnu++14";
				CLANG_CXX_LIBRARY = "libc++";
				CLANG_ENABLE_MODULES = YES;
				CLANG_ENABLE_OBJC_ARC = YES;
				CLANG_ENABLE_OBJC_WEAK = YES;
				CLANG_WARN_BLOCK_CAPTURE_AUTORELEASING = YES;
				CLANG_WARN_BOOL_CONVERSION = YES;
				CLANG_WARN_COMMA = YES;
				CLANG_WARN_CONSTANT_CONVERSION = YES;
				CLANG_WARN_DEPRECATED_OBJC_IMPLEMENTATIONS = YES;
				CLANG_WARN_DIRECT_OBJC_ISA_USAGE = YES_ERROR;
				CLANG_WARN_DOCUMENTATION_COMMENTS = YES;
				CLANG_WARN_EMPTY_BODY = YES;
				CLANG_WARN_ENUM_CONVERSION = YES;
				CLANG_WARN_INFINITE_RECURSION = YES;
				CLANG_WARN_INT_CONVERSION = YES;
				CLANG_WARN_NON_LITERAL_NULL_CONVERSION = YES;
				CLANG_WARN_OBJC_IMPLICIT_RETAIN_SELF = YES;
				CLANG_WARN_OBJC_LITERAL_CONVERSION = YES;
				CLANG_WARN_OBJC_ROOT_CLASS = YES_ERROR;
				CLANG_WARN_QUOTED_INCLUDE_IN_FRAMEWORK_HEADER = YES;
				CLANG_WARN_RANGE_LOOP_ANALYSIS = YES;
				CLANG_WARN_STRICT_PROTOTYPES = YES;
				CLANG_WARN_SUSPICIOUS_MOVE = YES;
				CLANG_WARN_UNGUARDED_AVAILABILITY = YES_AGGRESSIVE;
				CLANG_WARN_UNREACHABLE_CODE = YES;
				CLANG_WARN__DUPLICATE_METHOD_MATCH = YES;
				COPY_PHASE_STRIP = NO;
				DEBUG_INFORMATION_FORMAT = dwarf;
				ENABLE_STRICT_OBJC_MSGSEND = YES;
				ENABLE_TESTABILITY = YES;
				GCC_C_LANGUAGE_STANDARD = gnu11;
				GCC_DYNAMIC_NO_PIC = NO;
				GCC_NO_COMMON_BLOCKS = YES;
				GCC_OPTIMIZATION_LEVEL = 0;
				GCC_PREPROCESSOR_DEFINITIONS = (
					"$(inherited)",
					"DEBUG=1",
				);
				GCC_WARN_64_TO_32_BIT_CONVERSION = YES;
				GCC_WARN_ABOUT_RETURN_TYPE = YES_ERROR;
				GCC_WARN_UNDECLARED_SELECTOR = YES;
				GCC_WARN_UNINITIALIZED_AUTOS = YES_AGGRESSIVE;
				GCC_WARN_UNUSED_FUNCTION = YES;
				GCC_WARN_UNUSED_VARIABLE = YES;
				IPHONEOS_DEPLOYMENT_TARGET = 18.0;
				MTL_ENABLE_DEBUG_INFO = INCLUDE_SOURCE;
				MTL_FAST_MATH = YES;
				ONLY_ACTIVE_ARCH = YES;
				PRODUCT_NAME = "$(TARGET_NAME)";
				SDKROOT = iphoneos;
				SWIFT_ACTIVE_COMPILATION_CONDITIONS = DEBUG;
				SWIFT_OPTIMIZATION_LEVEL = "-Onone";
				SWIFT_STRICT_CONCURRENCY = complete;
				SWIFT_VERSION = 6.0;
			};
			name = Debug;
		};
		3612FA8B9BACD3153C70AE03 /* Debug */ = {
			isa = XCBuildConfiguration;
			buildSettings = {
				ASSETCATALOG_COMPILER_APPICON_NAME = AppIcon;
				CODE_SIGN_ENTITLEMENTS = Lightward/Lightward.entitlements;
				CODE_SIGN_IDENTITY = "iPhone Developer";
				CURRENT_PROJECT_VERSION = 1;
				DEVELOPMENT_TEAM = 49Q5LC84AR;
				INFOPLIST_FILE = Lightward/Info.plist;
				LD_RUNPATH_SEARCH_PATHS = (
					"$(inherited)",
					"@executable_path/Frameworks",
				);
				MARKETING_VERSION = 1.0.0;
				PRODUCT_BUNDLE_IDENTIFIER = com.lightward;
				SDKROOT = iphoneos;
				SUPPORTS_XR_DESIGNED_FOR_IPHONE_IPAD = NO;
				TARGETED_DEVICE_FAMILY = 1;
			};
			name = Debug;
		};
		98E4B5F347D08B52DD815FC2 /* Release */ = {
			isa = XCBuildConfiguration;
			buildSettings = {
				ALWAYS_SEARCH_USER_PATHS = NO;
				CLANG_ANALYZER_NONNULL = YES;
				CLANG_ANALYZER_NUMBER_OBJECT_CONVERSION = YES_AGGRESSIVE;
				CLANG_CXX_LANGUAGE_STANDARD = "gnu++14";
				CLANG_CXX_LIBRARY = "libc++";
				CLANG_ENABLE_MODULES = YES;
				CLANG_ENABLE_OBJC_ARC = YES;
				CLANG_ENABLE_OBJC_WEAK = YES;
				CLANG_WARN_BLOCK_CAPTURE_AUTORELEASING = YES;
				CLANG_WARN_BOOL_CONVERSION = YES;
				CLANG_WARN_COMMA = YES;
				CLANG_WARN_CONSTANT_CONVERSION = YES;
				CLANG_WARN_DEPRECATED_OBJC_IMPLEMENTATIONS = YES;
				CLANG_WARN_DIRECT_OBJC_ISA_USAGE = YES_ERROR;
				CLANG_WARN_DOCUMENTATION_COMMENTS = YES;
				CLANG_WARN_EMPTY_BODY = YES;
				CLANG_WARN_ENUM_CONVERSION = YES;
				CLANG_WARN_INFINITE_RECURSION = YES;
				CLANG_WARN_INT_CONVERSION = YES;
				CLANG_WARN_NON_LITERAL_NULL_CONVERSION = YES;
				CLANG_WARN_OBJC_IMPLICIT_RETAIN_SELF = YES;
				CLANG_WARN_OBJC_LITERAL_CONVERSION = YES;
				CLANG_WARN_OBJC_ROOT_CLASS = YES_ERROR;
				CLANG_WARN_QUOTED_INCLUDE_IN_FRAMEWORK_HEADER = YES;
				CLANG_WARN_RANGE_LOOP_ANALYSIS = YES;
				CLANG_WARN_STRICT_PROTOTYPES = YES;
				CLANG_WARN_SUSPICIOUS_MOVE = YES;
				CLANG_WARN_UNGUARDED_AVAILABILITY = YES_AGGRESSIVE;
				CLANG_WARN_UNREACHABLE_CODE = YES;
				CLANG_WARN__DUPLICATE_METHOD_MATCH = YES;
				COPY_PHASE_STRIP = NO;
				DEBUG_INFORMATION_FORMAT = "dwarf-with-dsym";
				ENABLE_NS_ASSERTIONS = NO;
				ENABLE_STRICT_OBJC_MSGSEND = YES;
				GCC_C_LANGUAGE_STANDARD = gnu11;
				GCC_NO_COMMON_BLOCKS = YES;
				GCC_WARN_64_TO_32_BIT_CONVERSION = YES;
				GCC_WARN_ABOUT_RETURN_TYPE = YES_ERROR;
				GCC_WARN_UNDECLARED_SELECTOR = YES;
				GCC_WARN_UNINITIALIZED_AUTOS = YES_AGGRESSIVE;
				GCC_WARN_UNUSED_FUNCTION = YES;
				GCC_WARN_UNUSED_VARIABLE = YES;
				IPHONEOS_DEPLOYMENT_TARGET = 18.0;
				MTL_ENABLE_DEBUG_INFO = NO;
				MTL_FAST_MATH = YES;
				PRODUCT_NAME = "$(TARGET_NAME)";
				SDKROOT = iphoneos;
				SWIFT_COMPILATION_MODE = wholemodule;
				SWIFT_OPTIMIZATION_LEVEL = "-O";
				SWIFT_STRICT_CONCURRENCY = complete;
				SWIFT_VERSION = 6.0;
			};
			name = Release;
		};
		D73DC2EC60B68427E321E6B3 /* Debug */ = {
			isa = XCBuildConfiguration;
			buildSettings = {
				BUNDLE_LOADER = "$(TEST_HOST)";
				DEVELOPMENT_TEAM = 49Q5LC84AR;
				GENERATE_INFOPLIST_FILE = YES;
				LD_RUNPATH_SEARCH_PATHS = (
					"$(inherited)",
					"@executable_path/Frameworks",
					"@loader_path/Frameworks",
				);
				PRODUCT_BUNDLE_IDENTIFIER = com.lightward.tests;
				SDKROOT = iphoneos;
				TARGETED_DEVICE_FAMILY = "1,2";
				TEST_HOST = "$(BUILT_PRODUCTS_DIR)/Lightward.app/Lightward";
			};
			name = Debug;
		};
		ED50D230FEC000739347EF09 /* Release */ = {
			isa = XCBuildConfiguration;
			buildSettings = {
				BUNDLE_LOADER = "$(TEST_HOST)";
				DEVELOPMENT_TEAM = 49Q5LC84AR;
				GENERATE_INFOPLIST_FILE = YES;
				LD_RUNPATH_SEARCH_PATHS = (
					"$(inherited)",
					"@executable_path/Frameworks",
					"@loader_path/Frameworks",
				);
				PRODUCT_BUNDLE_IDENTIFIER = com.lightward.tests;
				SDKROOT = iphoneos;
				TARGETED_DEVICE_FAMILY = "1,2";
				TEST_HOST = "$(BUILT_PRODUCTS_DIR)/Lightward.app/Lightward";
			};
			name = Release;
		};
		F13A5E60D687ADD20B1363CD /* Release */ = {
			isa = XCBuildConfiguration;
			buildSettings = {
				ASSETCATALOG_COMPILER_APPICON_NAME = AppIcon;
				CODE_SIGN_ENTITLEMENTS = Lightward/Lightward.entitlements;
				CODE_SIGN_IDENTITY = "iPhone Developer";
				CURRENT_PROJECT_VERSION = 1;
				DEVELOPMENT_TEAM = 49Q5LC84AR;
				INFOPLIST_FILE = Lightward/Info.plist;
				LD_RUNPATH_SEARCH_PATHS = (
					"$(inherited)",
					"@executable_path/Frameworks",
				);
				MARKETING_VERSION = 1.0.0;
				PRODUCT_BUNDLE_IDENTIFIER = com.lightward;
				SDKROOT = iphoneos;
				SUPPORTS_XR_DESIGNED_FOR_IPHONE_IPAD = NO;
				TARGETED_DEVICE_FAMILY = 1;
			};
			name = Release;
		};
/* End XCBuildConfiguration section */

/* Begin XCConfigurationList section */
		A1F34B81D382362DA752EF43 /* Build configuration list for PBXNativeTarget "LightwardTests" */ = {
			isa = XCConfigurationList;
			buildConfigurations = (
				D73DC2EC60B68427E321E6B3 /* Debug */,
				ED50D230FEC000739347EF09 /* Release */,
			);
			defaultConfigurationIsVisible = 0;
			defaultConfigurationName = Release;
		};
		C3149F0E55B43496BD49E5F8 /* Build configuration list for PBXNativeTarget "Lightward" */ = {
			isa = XCConfigurationList;
			buildConfigurations = (
				3612FA8B9BACD3153C70AE03 /* Debug */,
				F13A5E60D687ADD20B1363CD /* Release */,
			);
			defaultConfigurationIsVisible = 0;
			defaultConfigurationName = Release;
		};
		E013C90595D09DC3E5660C30 /* Build configuration list for PBXProject "Lightward" */ = {
			isa = XCConfigurationList;
			buildConfigurations = (
				176EA137C8933E09DEDD04C5 /* Debug */,
				98E4B5F347D08B52DD815FC2 /* Release */,
			);
			defaultConfigurationIsVisible = 0;
			defaultConfigurationName = Release;
		};
/* End XCConfigurationList section */
	};
	rootObject = 796FE89EB57283DEDF8B41BE /* Project object */;
}
